
Microsoft Visual Studio Solution File, Format Version 12.00
# Visual Studio Version 16
VisualStudioVersion = 16.0.32901.82
MinimumVisualStudioVersion = 10.0.40219.1
Project("{8BC9CEB8-8B4A-11D0-8D11-00A0C91BC942}") = "Project4.6", "Project4.6\Project4.6.vcxproj", "{A5A466F9-EA2A-41BB-ADA2-A8BCBAE1AACD}"
EndProject
Global
	GlobalSection(SolutionConfigurationPlatforms) = preSolution
		Debug|x64 = Debug|x64
		Debug|x86 = Debug|x86
		Release|x64 = Release|x64
		Release|x86 = Release|x86
	EndGlobalSection
	GlobalSection(ProjectConfigurationPlatforms) = postSolution
		{A5A466F9-EA2A-41BB-ADA2-A8BCBAE1AACD}.Debug|x64.ActiveCfg = Debug|x64
		{A5A466F9-EA2A-41BB-ADA2-A8BCBAE1AACD}.Debug|x64.Build.0 = Debug|x64
		{A5A466F9-EA2A-41BB-ADA2-A8BCBAE1AACD}.Debug|x86.ActiveCfg = Debug|Win32
		{A5A466F9-EA2A-41BB-ADA2-A8BCBAE1AACD}.Debug|x86.Build.0 = Debug|Win32
		{A5A466F9-EA2A-41BB-ADA2-A8BCBAE1AACD}.Release|x64.ActiveCfg = Release|x64
		{A5A466F9-EA2A-41BB-ADA2-A8BCBAE1AACD}.Release|x64.Build.0 = Release|x64
		{A5A466F9-EA2A-41BB-ADA2-A8BCBAE1AACD}.Release|x86.ActiveCfg = Release|Win32
		{A5A466F9-EA2A-41BB-ADA2-A8BCBAE1AACD}.Release|x86.Build.0 = Release|Win32
	EndGlobalSection
	GlobalSection(SolutionProperties) = preSolution
		HideSolutionNode = FALSE
	EndGlobalSection
	GlobalSection(ExtensibilityGlobals) = postSolution
		SolutionGuid = {0B9A4412-3789-47AC-BDA7-6530F783C384}
	EndGlobalSection
EndGlobal
